{
	"name": "@rbxts/types",
	"version": "1.0.411",
	"lockfileVersion": 1,
	"requires": true,
	"dependencies": {
		"@rbxts/compiler-types": {
			"version": "1.0.0-beta.2.3",
			"resolved": "https://registry.npmjs.org/@rbxts/compiler-types/-/compiler-types-1.0.0-beta.2.3.tgz",
			"integrity": "sha512-v+SejfqWiup5Xw5MY+F/6vFPsytnya0fYxt9Yn+egeeBZAVh6Lvo0e04qD+4CmDtnVS3nrja5Envr8qo/3/Wxw=="
		}
	}
}
